// !$*UTF8*$!
{
	archiveVersion = 1;
	classes = {
	};
	objectVersion = 50;
	objects = {

/* Begin PBXBuildFile section */
		11266D87212EFCA700713E85 /* AppDelegate.swift in Sources */ = {isa = PBXBuildFile; fileRef = 11266D86212EFCA700713E85 /* AppDelegate.swift */; };
		11266D8C212EFCA700713E85 /* Main.storyboard in Resources */ = {isa = PBXBuildFile; fileRef = 11266D8A212EFCA700713E85 /* Main.storyboard */; };
		11266D8E212EFCA900713E85 /* Assets.xcassets in Resources */ = {isa = PBXBuildFile; fileRef = 11266D8D212EFCA900713E85 /* Assets.xcassets */; };
		11266D91212EFCA900713E85 /* LaunchScreen.storyboard in Resources */ = {isa = PBXBuildFile; fileRef = 11266D8F212EFCA900713E85 /* LaunchScreen.storyboard */; };
		11266D9E212EFD7F00713E85 /* ListViewController.swift in Sources */ = {isa = PBXBuildFile; fileRef = 11266D9D212EFD7F00713E85 /* ListViewController.swift */; };
		11266DA0212EFD8D00713E85 /* DetailViewController.swift in Sources */ = {isa = PBXBuildFile; fileRef = 11266D9F212EFD8D00713E85 /* DetailViewController.swift */; };
		11266DA2212EFDB600713E85 /* RoomCell.swift in Sources */ = {isa = PBXBuildFile; fileRef = 11266DA1212EFDB600713E85 /* RoomCell.swift */; };
		11266DA4212EFDFD00713E85 /* RoomModel.swift in Sources */ = {isa = PBXBuildFile; fileRef = 11266DA3212EFDFD00713E85 /* RoomModel.swift */; };
		11266DA6212EFE0800713E85 /* Store.swift in Sources */ = {isa = PBXBuildFile; fileRef = 11266DA5212EFE0800713E85 /* Store.swift */; };
		11266DA8212EFE1F00713E85 /* RoomMock.swift in Sources */ = {isa = PBXBuildFile; fileRef = 11266DA7212EFE1F00713E85 /* RoomMock.swift */; };
		11266DAA212F092F00713E85 /* SettingViewController.swift in Sources */ = {isa = PBXBuildFile; fileRef = 11266DA9212F092F00713E85 /* SettingViewController.swift */; };
		11FD9FE5213151BD00D43887 /* DetailCell.swift in Sources */ = {isa = PBXBuildFile; fileRef = 11FD9FE4213151BD00D43887 /* DetailCell.swift */; };
		11FD9FE721315DF000D43887 /* SelectionViewController.swift in Sources */ = {isa = PBXBuildFile; fileRef = 11FD9FE621315DF000D43887 /* SelectionViewController.swift */; };
/* End PBXBuildFile section */

/* Begin PBXFileReference section */
		11266D83212EFCA700713E85 /* Demo.app */ = {isa = PBXFileReference; explicitFileType = wrapper.application; includeInIndex = 0; path = Demo.app; sourceTree = BUILT_PRODUCTS_DIR; };
		11266D86212EFCA700713E85 /* AppDelegate.swift */ = {isa = PBXFileReference; lastKnownFileType = sourcecode.swift; path = AppDelegate.swift; sourceTree = "<group>"; };
		11266D8B212EFCA700713E85 /* Base */ = {isa = PBXFileReference; lastKnownFileType = file.storyboard; name = Base; path = Base.lproj/Main.storyboard; sourceTree = "<group>"; };
		11266D8D212EFCA900713E85 /* Assets.xcassets */ = {isa = PBXFileReference; lastKnownFileType = folder.assetcatalog; path = Assets.xcassets; sourceTree = "<group>"; };
		11266D90212EFCA900713E85 /* Base */ = {isa = PBXFileReference; lastKnownFileType = file.storyboard; name = Base; path = Base.lproj/LaunchScreen.storyboard; sourceTree = "<group>"; };
		11266D92212EFCA900713E85 /* Info.plist */ = {isa = PBXFileReference; lastKnownFileType = text.plist.xml; path = Info.plist; sourceTree = "<group>"; };
		11266D9D212EFD7F00713E85 /* ListViewController.swift */ = {isa = PBXFileReference; lastKnownFileType = sourcecode.swift; path = ListViewController.swift; sourceTree = "<group>"; };
		11266D9F212EFD8D00713E85 /* DetailViewController.swift */ = {isa = PBXFileReference; lastKnownFileType = sourcecode.swift; path = DetailViewController.swift; sourceTree = "<group>"; };
		11266DA1212EFDB600713E85 /* RoomCell.swift */ = {isa = PBXFileReference; lastKnownFileType = sourcecode.swift; path = RoomCell.swift; sourceTree = "<group>"; };
		11266DA3212EFDFD00713E85 /* RoomModel.swift */ = {isa = PBXFileReference; lastKnownFileType = sourcecode.swift; path = RoomModel.swift; sourceTree = "<group>"; };
		11266DA5212EFE0800713E85 /* Store.swift */ = {isa = PBXFileReference; lastKnownFileType = sourcecode.swift; path = Store.swift; sourceTree = "<group>"; };
		11266DA7212EFE1F00713E85 /* RoomMock.swift */ = {isa = PBXFileReference; lastKnownFileType = sourcecode.swift; path = RoomMock.swift; sourceTree = "<group>"; };
		11266DA9212F092F00713E85 /* SettingViewController.swift */ = {isa = PBXFileReference; lastKnownFileType = sourcecode.swift; path = SettingViewController.swift; sourceTree = "<group>"; };
		11FD9FE4213151BD00D43887 /* DetailCell.swift */ = {isa = PBXFileReference; lastKnownFileType = sourcecode.swift; path = DetailCell.swift; sourceTree = "<group>"; };
		11FD9FE621315DF000D43887 /* SelectionViewController.swift */ = {isa = PBXFileReference; lastKnownFileType = sourcecode.swift; path = SelectionViewController.swift; sourceTree = "<group>"; };
/* End PBXFileReference section */

/* Begin PBXFrameworksBuildPhase section */
		11266D80212EFCA700713E85 /* Frameworks */ = {
			isa = PBXFrameworksBuildPhase;
			buildActionMask = 2147483647;
			files = (
			);
			runOnlyForDeploymentPostprocessing = 0;
		};
/* End PBXFrameworksBuildPhase section */

/* Begin PBXGroup section */
		11266D7A212EFCA700713E85 = {
			isa = PBXGroup;
			children = (
				11266D85212EFCA700713E85 /* Demo */,
				11266D84212EFCA700713E85 /* Products */,
			);
			sourceTree = "<group>";
		};
		11266D84212EFCA700713E85 /* Products */ = {
			isa = PBXGroup;
			children = (
				11266D83212EFCA700713E85 /* Demo.app */,
			);
			name = Products;
			sourceTree = "<group>";
		};
		11266D85212EFCA700713E85 /* Demo */ = {
			isa = PBXGroup;
			children = (
				11266D98212EFCEB00713E85 /* ViewControllers */,
				11266D99212EFCFA00713E85 /* Views */,
				11266D9A212EFD0600713E85 /* Models */,
				11266D9B212EFD1400713E85 /* Store */,
				11266D9C212EFD2500713E85 /* MockData */,
				11266D86212EFCA700713E85 /* AppDelegate.swift */,
				11266D8A212EFCA700713E85 /* Main.storyboard */,
				11266D8D212EFCA900713E85 /* Assets.xcassets */,
				11266D8F212EFCA900713E85 /* LaunchScreen.storyboard */,
				11266D92212EFCA900713E85 /* Info.plist */,
			);
			path = Demo;
			sourceTree = "<group>";
		};
		11266D98212EFCEB00713E85 /* ViewControllers */ = {
			isa = PBXGroup;
			children = (
				11266D9D212EFD7F00713E85 /* ListViewController.swift */,
				11266D9F212EFD8D00713E85 /* DetailViewController.swift */,
				11266DA9212F092F00713E85 /* SettingViewController.swift */,
				11FD9FE621315DF000D43887 /* SelectionViewController.swift */,
			);
			path = ViewControllers;
			sourceTree = "<group>";
		};
		11266D99212EFCFA00713E85 /* Views */ = {
			isa = PBXGroup;
			children = (
				11266DA1212EFDB600713E85 /* RoomCell.swift */,
				11FD9FE4213151BD00D43887 /* DetailCell.swift */,
			);
			path = Views;
			sourceTree = "<group>";
		};
		11266D9A212EFD0600713E85 /* Models */ = {
			isa = PBXGroup;
			children = (
				11266DA3212EFDFD00713E85 /* RoomModel.swift */,
			);
			path = Models;
			sourceTree = "<group>";
		};
		11266D9B212EFD1400713E85 /* Store */ = {
			isa = PBXGroup;
			children = (
				11266DA5212EFE0800713E85 /* Store.swift */,
			);
			path = Store;
			sourceTree = "<group>";
		};
		11266D9C212EFD2500713E85 /* MockData */ = {
			isa = PBXGroup;
			children = (
				11266DA7212EFE1F00713E85 /* RoomMock.swift */,
			);
			path = MockData;
			sourceTree = "<group>";
		};
/* End PBXGroup section */

/* Begin PBXNativeTarget section */
		11266D82212EFCA700713E85 /* Demo */ = {
			isa = PBXNativeTarget;
			buildConfigurationList = 11266D95212EFCA900713E85 /* Build configuration list for PBXNativeTarget "Demo" */;
			buildPhases = (
				11266D7F212EFCA700713E85 /* Sources */,
				11266D80212EFCA700713E85 /* Frameworks */,
				11266D81212EFCA700713E85 /* Resources */,
			);
			buildRules = (
			);
			dependencies = (
			);
			name = Demo;
			productName = Demo;
			productReference = 11266D83212EFCA700713E85 /* Demo.app */;
			productType = "com.apple.product-type.application";
		};
/* End PBXNativeTarget section */

/* Begin PBXProject section */
		11266D7B212EFCA700713E85 /* Project object */ = {
			isa = PBXProject;
			attributes = {
				LastSwiftUpdateCheck = 1000;
				LastUpgradeCheck = 1000;
				ORGANIZATIONNAME = "Yuhan Chen";
				TargetAttributes = {
					11266D82212EFCA700713E85 = {
						CreatedOnToolsVersion = 10.0;
					};
				};
			};
			buildConfigurationList = 11266D7E212EFCA700713E85 /* Build configuration list for PBXProject "Demo" */;
			compatibilityVersion = "Xcode 9.3";
			developmentRegion = en;
			hasScannedForEncodings = 0;
			knownRegions = (
				en,
				Base,
			);
			mainGroup = 11266D7A212EFCA700713E85;
			productRefGroup = 11266D84212EFCA700713E85 /* Products */;
			projectDirPath = "";
			projectRoot = "";
			targets = (
				11266D82212EFCA700713E85 /* Demo */,
			);
		};
/* End PBXProject section */

/* Begin PBXResourcesBuildPhase section */
		11266D81212EFCA700713E85 /* Resources */ = {
			isa = PBXResourcesBuildPhase;
			buildActionMask = 2147483647;
			files = (
				11266D91212EFCA900713E85 /* LaunchScreen.storyboard in Resources */,
				11266D8E212EFCA900713E85 /* Assets.xcassets in Resources */,
				11266D8C212EFCA700713E85 /* Main.storyboard in Resources */,
			);
			runOnlyForDeploymentPostprocessing = 0;
		};
/* End PBXResourcesBuildPhase section */

/* Begin PBXSourcesBuildPhase section */
		11266D7F212EFCA700713E85 /* Sources */ = {
			isa = PBXSourcesBuildPhase;
			buildActionMask = 2147483647;
			files = (
				11266DA0212EFD8D00713E85 /* DetailViewController.swift in Sources */,
				11266D9E212EFD7F00713E85 /* ListViewController.swift in Sources */,
				11FD9FE5213151BD00D43887 /* DetailCell.swift in Sources */,
				11266DA8212EFE1F00713E85 /* RoomMock.swift in Sources */,
				11266DAA212F092F00713E85 /* SettingViewController.swift in Sources */,
				11FD9FE721315DF000D43887 /* SelectionViewController.swift in Sources */,
				11266DA4212EFDFD00713E85 /* RoomModel.swift in Sources */,
				11266DA6212EFE0800713E85 /* Store.swift in Sources */,
				11266DA2212EFDB600713E85 /* RoomCell.swift in Sources */,
				11266D87212EFCA700713E85 /* AppDelegate.swift in Sources */,
			);
			runOnlyForDeploymentPostprocessing = 0;
		};
/* End PBXSourcesBuildPhase section */

/* Begin PBXVariantGroup section */
		11266D8A212EFCA700713E85 /* Main.storyboard */ = {
			isa = PBXVariantGroup;
			children = (
				11266D8B212EFCA700713E85 /* Base */,
			);
			name = Main.storyboard;
			sourceTree = "<group>";
		};
		11266D8F212EFCA900713E85 /* LaunchScreen.storyboard */ = {
			isa = PBXVariantGroup;
			children = (
				11266D90212EFCA900713E85 /* Base */,
			);
			name = LaunchScreen.storyboard;
			sourceTree = "<group>";
		};
/* End PBXVariantGroup section */

/* Begin XCBuildConfiguration section */
		11266D93212EFCA900713E85 /* Debug */ = {
			isa = XCBuildConfiguration;
			buildSettings = {
				ALWAYS_SEARCH_USER_PATHS = NO;
				CLANG_ANALYZER_NONNULL = YES;
				CLANG_ANALYZER_NUMBER_OBJECT_CONVERSION = YES_AGGRESSIVE;
				CLANG_CXX_LANGUAGE_STANDARD = "gnu++14";
				CLANG_CXX_LIBRARY = "libc++";
				CLANG_ENABLE_MODULES = YES;
				CLANG_ENABLE_OBJC_ARC = YES;
				CLANG_ENABLE_OBJC_WEAK = YES;
				CLANG_WARN_BLOCK_CAPTURE_AUTORELEASING = YES;
				CLANG_WARN_BOOL_CONVERSION = YES;
				CLANG_WARN_COMMA = YES;
				CLANG_WARN_CONSTANT_CONVERSION = YES;
				CLANG_WARN_DEPRECATED_OBJC_IMPLEMENTATIONS = YES;
				CLANG_WARN_DIRECT_OBJC_ISA_USAGE = YES_ERROR;
				CLANG_WARN_DOCUMENTATION_COMMENTS = YES;
				CLANG_WARN_EMPTY_BODY = YES;
				CLANG_WARN_ENUM_CONVERSION = YES;
				CLANG_WARN_INFINITE_RECURSION = YES;
				CLANG_WARN_INT_CONVERSION = YES;
				CLANG_WARN_NON_LITERAL_NULL_CONVERSION = YES;
				CLANG_WARN_OBJC_IMPLICIT_RETAIN_SELF = YES;
				CLANG_WARN_OBJC_LITERAL_CONVERSION = YES;
				CLANG_WARN_OBJC_ROOT_CLASS = YES_ERROR;
				CLANG_WARN_RANGE_LOOP_ANALYSIS = YES;
				CLANG_WARN_STRICT_PROTOTYPES = YES;
				CLANG_WARN_SUSPICIOUS_MOVE = YES;
				CLANG_WARN_UNGUARDED_AVAILABILITY = YES_AGGRESSIVE;
				CLANG_WARN_UNREACHABLE_CODE = YES;
				CLANG_WARN__DUPLICATE_METHOD_MATCH = YES;
				CODE_SIGN_IDENTITY = "iPhone Developer";
				COPY_PHASE_STRIP = NO;
				DEBUG_INFORMATION_FORMAT = dwarf;
				ENABLE_STRICT_OBJC_MSGSEND = YES;
				ENABLE_TESTABILITY = YES;
				GCC_C_LANGUAGE_STANDARD = gnu11;
				GCC_DYNAMIC_NO_PIC = NO;
				GCC_NO_COMMON_BLOCKS = YES;
				GCC_OPTIMIZATION_LEVEL = 0;
				GCC_PREPROCESSOR_DEFINITIONS = (
					"DEBUG=1",
					"$(inherited)",
				);
				GCC_WARN_64_TO_32_BIT_CONVERSION = YES;
				GCC_WARN_ABOUT_RETURN_TYPE = YES_ERROR;
				GCC_WARN_UNDECLARED_SELECTOR = YES;
				GCC_WARN_UNINITIALIZED_AUTOS = YES_AGGRESSIVE;
				GCC_WARN_UNUSED_FUNCTION = YES;
				GCC_WARN_UNUSED_VARIABLE = YES;
				IPHONEOS_DEPLOYMENT_TARGET = 12.0;
				MTL_ENABLE_DEBUG_INFO = INCLUDE_SOURCE;
				ONLY_ACTIVE_ARCH = YES;
				SDKROOT = iphoneos;
				SWIFT_ACTIVE_COMPILATION_CONDITIONS = DEBUG;
				SWIFT_OPTIMIZATION_LEVEL = "-Onone";
			};
			name = Debug;
		};
		11266D94212EFCA900713E85 /* Release */ = {
			isa = XCBuildConfiguration;
			buildSettings = {
				ALWAYS_SEARCH_USER_PATHS = NO;
				CLANG_ANALYZER_NONNULL = YES;
				CLANG_ANALYZER_NUMBER_OBJECT_CONVERSION = YES_AGGRESSIVE;
				CLANG_CXX_LANGUAGE_STANDARD = "gnu++14";
				CLANG_CXX_LIBRARY = "libc++";
				CLANG_ENABLE_MODULES = YES;
				CLANG_ENABLE_OBJC_ARC = YES;
				CLANG_ENABLE_OBJC_WEAK = YES;
				CLANG_WARN_BLOCK_CAPTURE_AUTORELEASING = YES;
				CLANG_WARN_BOOL_CONVERSION = YES;
				CLANG_WARN_COMMA = YES;
				CLANG_WARN_CONSTANT_CONVERSION = YES;
				CLANG_WARN_DEPRECATED_OBJC_IMPLEMENTATIONS = YES;
				CLANG_WARN_DIRECT_OBJC_ISA_USAGE = YES_ERROR;
				CLANG_WARN_DOCUMENTATION_COMMENTS = YES;
				CLANG_WARN_EMPTY_BODY = YES;
				CLANG_WARN_ENUM_CONVERSION = YES;
				CLANG_WARN_INFINITE_RECURSION = YES;
				CLANG_WARN_INT_CONVERSION = YES;
				CLANG_WARN_NON_LITERAL_NULL_CONVERSION = YES;
				CLANG_WARN_OBJC_IMPLICIT_RETAIN_SELF = YES;
				CLANG_WARN_OBJC_LITERAL_CONVERSION = YES;
				CLANG_WARN_OBJC_ROOT_CLASS = YES_ERROR;
				CLANG_WARN_RANGE_LOOP_ANALYSIS = YES;
				CLANG_WARN_STRICT_PROTOTYPES = YES;
				CLANG_WARN_SUSPICIOUS_MOVE = YES;
				CLANG_WARN_UNGUARDED_AVAILABILITY = YES_AGGRESSIVE;
				CLANG_WARN_UNREACHABLE_CODE = YES;
				CLANG_WARN__DUPLICATE_METHOD_MATCH = YES;
				CODE_SIGN_IDENTITY = "iPhone Developer";
				COPY_PHASE_STRIP = NO;
				DEBUG_INFORMATION_FORMAT = "dwarf-with-dsym";
				ENABLE_NS_ASSERTIONS = NO;
				ENABLE_STRICT_OBJC_MSGSEND = YES;
				GCC_C_LANGUAGE_STANDARD = gnu11;
				GCC_NO_COMMON_BLOCKS = YES;
				GCC_WARN_64_TO_32_BIT_CONVERSION = YES;
				GCC_WARN_ABOUT_RETURN_TYPE = YES_ERROR;
				GCC_WARN_UNDECLARED_SELECTOR = YES;
				GCC_WARN_UNINITIALIZED_AUTOS = YES_AGGRESSIVE;
				GCC_WARN_UNUSED_FUNCTION = YES;
				GCC_WARN_UNUSED_VARIABLE = YES;
				IPHONEOS_DEPLOYMENT_TARGET = 12.0;
				MTL_ENABLE_DEBUG_INFO = NO;
				SDKROOT = iphoneos;
				SWIFT_COMPILATION_MODE = wholemodule;
				SWIFT_OPTIMIZATION_LEVEL = "-O";
				VALIDATE_PRODUCT = YES;
			};
			name = Release;
		};
		11266D96212EFCA900713E85 /* Debug */ = {
			isa = XCBuildConfiguration;
			buildSettings = {
				ASSETCATALOG_COMPILER_APPICON_NAME = AppIcon;
				CODE_SIGN_STYLE = Automatic;
				DEVELOPMENT_TEAM = 285BYEPY9U;
				INFOPLIST_FILE = Demo/Info.plist;
				LD_RUNPATH_SEARCH_PATHS = (
					"$(inherited)",
					"@executable_path/Frameworks",
				);
				PRODUCT_BUNDLE_IDENTIFIER = ckitakishi.com.Demo;
				PRODUCT_NAME = "$(TARGET_NAME)";
				SWIFT_VERSION = 4.2;
				TARGETED_DEVICE_FAMILY = "1,2";
			};
			name = Debug;
		};
		11266D97212EFCA900713E85 /* Release */ = {
			isa = XCBuildConfiguration;
			buildSettings = {
				ASSETCATALOG_COMPILER_APPICON_NAME = AppIcon;
				CODE_SIGN_STYLE = Automatic;
				DEVELOPMENT_TEAM = 285BYEPY9U;
				INFOPLIST_FILE = Demo/Info.plist;
				LD_RUNPATH_SEARCH_PATHS = (
					"$(inherited)",
					"@executable_path/Frameworks",
				);
				PRODUCT_BUNDLE_IDENTIFIER = ckitakishi.com.Demo;
				PRODUCT_NAME = "$(TARGET_NAME)";
				SWIFT_VERSION = 4.2;
				TARGETED_DEVICE_FAMILY = "1,2";
			};
			name = Release;
		};
/* End XCBuildConfiguration section */

/* Begin XCConfigurationList section */
		11266D7E212EFCA700713E85 /* Build configuration list for PBXProject "Demo" */ = {
			isa = XCConfigurationList;
			buildConfigurations = (
				11266D93212EFCA900713E85 /* Debug */,
				11266D94212EFCA900713E85 /* Release */,
			);
			defaultConfigurationIsVisible = 0;
			defaultConfigurationName = Release;
		};
		11266D95212EFCA900713E85 /* Build configuration list for PBXNativeTarget "Demo" */ = {
			isa = XCConfigurationList;
			buildConfigurations = (
				11266D96212EFCA900713E85 /* Debug */,
				11266D97212EFCA900713E85 /* Release */,
			);
			defaultConfigurationIsVisible = 0;
			defaultConfigurationName = Release;
		};
/* End XCConfigurationList section */
	};
	rootObject = 11266D7B212EFCA700713E85 /* Project object */;
}
